{
  "name": "somoim",
  "lockfileVersion": 2,
  "requires": true,
  "packages": {
    "": {
      "dependencies": {
        "@ngbmodule/material-carousel": "^0.7.1",
        "angular-responsive-carousel": "^2.1.2"
      }
    },
    "node_modules/@angular/animations": {
      "version": "11.2.14",
      "resolved": "https://registry.npmjs.org/@angular/animations/-/animations-11.2.14.tgz",
      "integrity": "sha512-Heq/nNrCmb3jbkusu+BQszOecfFI/31Oxxj+CDQkqqYpBcswk6bOJLoEE472o+vmgxaXbgeflU9qbIiCQhpMFA==",
      "peer": true,
      "dependencies": {
        "tslib": "^2.0.0"
      },
      "peerDependencies": {
        "@angular/core": "11.2.14"
      }
    },
    "node_modules/@angular/cdk": {
      "version": "10.2.7",
      "resolved": "https://registry.npmjs.org/@angular/cdk/-/cdk-10.2.7.tgz",
      "integrity": "sha512-ZQjDfTRTn7JuAKsf3jiIdU2XBaxxGBi/ZWYv5Pb3HCl6B4PISsIE5VWRhkoUogoAB0MiFHpjnWeIqknJEm11YQ==",
      "peer": true,
      "dependencies": {
        "tslib": "^2.0.0"
      },
      "optionalDependencies": {
        "parse5": "^5.0.0"
      },
      "peerDependencies": {
        "@angular/common": "^10.0.0 || ^11.0.0-0",
        "@angular/core": "^10.0.0 || ^11.0.0-0"
      }
    },
    "node_modules/@angular/common": {
      "version": "11.2.14",
      "resolved": "https://registry.npmjs.org/@angular/common/-/common-11.2.14.tgz",
      "integrity": "sha512-ZSLV/3j7eCTyLf/8g4yBFLWySjiLz3vLJAGWscYoUpnJWMnug1VRu6zoF/COxCbtORgE+Wz6K0uhfS6MziBGVw==",
      "peer": true,
      "dependencies": {
        "tslib": "^2.0.0"
      },
      "peerDependencies": {
        "@angular/core": "11.2.14",
        "rxjs": "^6.5.3"
      }
    },
    "node_modules/@angular/core": {
      "version": "11.2.14",
      "resolved": "https://registry.npmjs.org/@angular/core/-/core-11.2.14.tgz",
      "integrity": "sha512-vpR4XqBGitk1Faph37CSpemwIYTmJ3pdIVNoHKP6jLonpWu+0azkchf0f7oD8/2ivj2F81opcIw0tcsy/D/5Vg==",
      "peer": true,
      "dependencies": {
        "tslib": "^2.0.0"
      },
      "peerDependencies": {
        "rxjs": "^6.5.3",
        "zone.js": "^0.10.2 || ^0.11.3"
      }
    },
    "node_modules/@angular/forms": {
      "version": "11.2.14",
      "resolved": "https://registry.npmjs.org/@angular/forms/-/forms-11.2.14.tgz",
      "integrity": "sha512-4LWqY6KEIk1AZQFnk+4PJSOCamlD4tumuVN06gO4D0dZo9Cx+GcvW6pM6N0CPubRvPs3sScCnu20WT11HNWC1w==",
      "peer": true,
      "dependencies": {
        "tslib": "^2.0.0"
      },
      "peerDependencies": {
        "@angular/common": "11.2.14",
        "@angular/core": "11.2.14",
        "@angular/platform-browser": "11.2.14",
        "rxjs": "^6.5.3"
      }
    },
    "node_modules/@angular/material": {
      "version": "10.2.7",
      "resolved": "https://registry.npmjs.org/@angular/material/-/material-10.2.7.tgz",
      "integrity": "sha512-uk6JkRrKHaM9VFMzX7pWC83YNLVgXPB3D8U1yjSOafCdWwrRZgUHGr8MPlSILCr3o2nxgg5SsKdWcWwHuXXUZA==",
      "peer": true,
      "dependencies": {
        "tslib": "^2.0.0"
      },
      "peerDependencies": {
        "@angular/animations": "^10.0.0 || ^11.0.0-0",
        "@angular/cdk": "10.2.7",
        "@angular/common": "^10.0.0 || ^11.0.0-0",
        "@angular/core": "^10.0.0 || ^11.0.0-0",
        "@angular/forms": "^10.0.0 || ^11.0.0-0"
      }
    },
    "node_modules/@angular/platform-browser": {
      "version": "11.2.14",
      "resolved": "https://registry.npmjs.org/@angular/platform-browser/-/platform-browser-11.2.14.tgz",
      "integrity": "sha512-fb7b7ss/gRoP8wLAN17W62leMgjynuyjEPU2eUoAAazsG9f2cgM+z3rK29GYncDVyYQxZUZYnjSqvL6GSXx86A==",
      "peer": true,
      "dependencies": {
        "tslib": "^2.0.0"
      },
      "peerDependencies": {
        "@angular/animations": "11.2.14",
        "@angular/common": "11.2.14",
        "@angular/core": "11.2.14"
      },
      "peerDependenciesMeta": {
        "@angular/animations": {
          "optional": true
        }
      }
    },
    "node_modules/@ngbmodule/material-carousel": {
      "version": "0.7.1",
      "resolved": "https://registry.npmjs.org/@ngbmodule/material-carousel/-/material-carousel-0.7.1.tgz",
      "integrity": "sha512-Q8Lx46ykAXX/CQk/Wm7rXcDhMPypj2J/IN63daVXLlfn5eVgYzpyzZJoYUNGdey01t/Cfm/jVvV4SMI5u/KChg==",
      "dependencies": {
        "tslib": "^2.0.0"
      },
      "peerDependencies": {
        "@angular/material": "^10.0.1",
        "hammerjs": "^2.0.8",
        "rxjs": "~6.6.0"
      }
    },
    "node_modules/angular-responsive-carousel": {
      "version": "2.1.2",
      "resolved": "https://registry.npmjs.org/angular-responsive-carousel/-/angular-responsive-carousel-2.1.2.tgz",
      "integrity": "sha512-nOCEyL9R80kW876GY8KvXoPu9fHu3nEnA2RVoFZ3hnBLx/OIdebeKFTxfogWLgbI4S1xn+vOecY/a+GnAQNc8w==",
      "dependencies": {
        "tslib": "^2.0.0"
      },
      "peerDependencies": {
        "@angular/common": "^11.2.14",
        "@angular/core": "^11.2.14"
      }
    },
    "node_modules/hammerjs": {
      "version": "2.0.8",
      "resolved": "https://registry.npmjs.org/hammerjs/-/hammerjs-2.0.8.tgz",
      "integrity": "sha1-BO93hiz/K7edMPdpIJWTAiK/YPE=",
      "peer": true,
      "engines": {
        "node": ">=0.8.0"
      }
    },
    "node_modules/parse5": {
      "version": "5.1.1",
      "resolved": "https://registry.npmjs.org/parse5/-/parse5-5.1.1.tgz",
      "integrity": "sha512-ugq4DFI0Ptb+WWjAdOK16+u/nHfiIrcE+sh8kZMaM0WllQKLI9rOUq6c2b7cwPkXdzfQESqvoqK6ug7U/Yyzug==",
      "optional": true,
      "peer": true
    },
    "node_modules/rxjs": {
      "version": "6.6.7",
      "resolved": "https://registry.npmjs.org/rxjs/-/rxjs-6.6.7.tgz",
      "integrity": "sha512-hTdwr+7yYNIT5n4AMYp85KA6yw2Va0FLa3Rguvbpa4W3I5xynaBZo41cM3XM+4Q6fRMj3sBYIR1VAmZMXYJvRQ==",
      "peer": true,
      "dependencies": {
        "tslib": "^1.9.0"
      },
      "engines": {
        "npm": ">=2.0.0"
      }
    },
    "node_modules/rxjs/node_modules/tslib": {
      "version": "1.14.1",
      "resolved": "https://registry.npmjs.org/tslib/-/tslib-1.14.1.tgz",
      "integrity": "sha512-Xni35NKzjgMrwevysHTCArtLDpPvye8zV/0E4EyYn43P7/7qvQwPh9BGkHewbMulVntbigmcT7rdX3BNo9wRJg==",
      "peer": true
    },
    "node_modules/tslib": {
      "version": "2.3.1",
      "resolved": "https://registry.npmjs.org/tslib/-/tslib-2.3.1.tgz",
      "integrity": "sha512-77EbyPPpMz+FRFRuAFlWMtmgUWGe9UOG2Z25NqCwiIjRhOf5iKGuzSe5P2w1laq+FkRy4p+PCuVkJSGkzTEKVw=="
    },
    "node_modules/zone.js": {
      "version": "0.11.4",
      "resolved": "https://registry.npmjs.org/zone.js/-/zone.js-0.11.4.tgz",
      "integrity": "sha512-DDh2Ab+A/B+9mJyajPjHFPWfYU1H+pdun4wnnk0OcQTNjem1XQSZ2CDW+rfZEUDjv5M19SBqAkjZi0x5wuB5Qw==",
      "peer": true,
      "dependencies": {
        "tslib": "^2.0.0"
      }
    }
  },
  "dependencies": {
    "@angular/animations": {
      "version": "11.2.14",
      "resolved": "https://registry.npmjs.org/@angular/animations/-/animations-11.2.14.tgz",
      "integrity": "sha512-Heq/nNrCmb3jbkusu+BQszOecfFI/31Oxxj+CDQkqqYpBcswk6bOJLoEE472o+vmgxaXbgeflU9qbIiCQhpMFA==",
      "peer": true,
      "requires": {
        "tslib": "^2.0.0"
      }
    },
    "@angular/cdk": {
      "version": "10.2.7",
      "resolved": "https://registry.npmjs.org/@angular/cdk/-/cdk-10.2.7.tgz",
      "integrity": "sha512-ZQjDfTRTn7JuAKsf3jiIdU2XBaxxGBi/ZWYv5Pb3HCl6B4PISsIE5VWRhkoUogoAB0MiFHpjnWeIqknJEm11YQ==",
      "peer": true,
      "requires": {
        "parse5": "^5.0.0",
        "tslib": "^2.0.0"
      }
    },
    "@angular/common": {
      "version": "11.2.14",
      "resolved": "https://registry.npmjs.org/@angular/common/-/common-11.2.14.tgz",
      "integrity": "sha512-ZSLV/3j7eCTyLf/8g4yBFLWySjiLz3vLJAGWscYoUpnJWMnug1VRu6zoF/COxCbtORgE+Wz6K0uhfS6MziBGVw==",
      "peer": true,
      "requires": {
        "tslib": "^2.0.0"
      }
    },
    "@angular/core": {
      "version": "11.2.14",
      "resolved": "https://registry.npmjs.org/@angular/core/-/core-11.2.14.tgz",
      "integrity": "sha512-vpR4XqBGitk1Faph37CSpemwIYTmJ3pdIVNoHKP6jLonpWu+0azkchf0f7oD8/2ivj2F81opcIw0tcsy/D/5Vg==",
      "peer": true,
      "requires": {
        "tslib": "^2.0.0"
      }
    },
    "@angular/forms": {
      "version": "11.2.14",
      "resolved": "https://registry.npmjs.org/@angular/forms/-/forms-11.2.14.tgz",
      "integrity": "sha512-4LWqY6KEIk1AZQFnk+4PJSOCamlD4tumuVN06gO4D0dZo9Cx+GcvW6pM6N0CPubRvPs3sScCnu20WT11HNWC1w==",
      "peer": true,
      "requires": {
        "tslib": "^2.0.0"
      }
    },
    "@angular/material": {
      "version": "10.2.7",
      "resolved": "https://registry.npmjs.org/@angular/material/-/material-10.2.7.tgz",
      "integrity": "sha512-uk6JkRrKHaM9VFMzX7pWC83YNLVgXPB3D8U1yjSOafCdWwrRZgUHGr8MPlSILCr3o2nxgg5SsKdWcWwHuXXUZA==",
      "peer": true,
      "requires": {
        "tslib": "^2.0.0"
      }
    },
    "@angular/platform-browser": {
      "version": "11.2.14",
      "resolved": "https://registry.npmjs.org/@angular/platform-browser/-/platform-browser-11.2.14.tgz",
      "integrity": "sha512-fb7b7ss/gRoP8wLAN17W62leMgjynuyjEPU2eUoAAazsG9f2cgM+z3rK29GYncDVyYQxZUZYnjSqvL6GSXx86A==",
      "peer": true,
      "requires": {
        "tslib": "^2.0.0"
      }
    },
    "@ngbmodule/material-carousel": {
      "version": "0.7.1",
      "resolved": "https://registry.npmjs.org/@ngbmodule/material-carousel/-/material-carousel-0.7.1.tgz",
      "integrity": "sha512-Q8Lx46ykAXX/CQk/Wm7rXcDhMPypj2J/IN63daVXLlfn5eVgYzpyzZJoYUNGdey01t/Cfm/jVvV4SMI5u/KChg==",
      "requires": {
        "tslib": "^2.0.0"
      }
    },
    "angular-responsive-carousel": {
      "version": "2.1.2",
      "resolved": "https://registry.npmjs.org/angular-responsive-carousel/-/angular-responsive-carousel-2.1.2.tgz",
      "integrity": "sha512-nOCEyL9R80kW876GY8KvXoPu9fHu3nEnA2RVoFZ3hnBLx/OIdebeKFTxfogWLgbI4S1xn+vOecY/a+GnAQNc8w==",
      "requires": {
        "tslib": "^2.0.0"
      }
    },
    "hammerjs": {
      "version": "2.0.8",
      "resolved": "https://registry.npmjs.org/hammerjs/-/hammerjs-2.0.8.tgz",
      "integrity": "sha1-BO93hiz/K7edMPdpIJWTAiK/YPE=",
      "peer": true
    },
    "parse5": {
      "version": "5.1.1",
      "resolved": "https://registry.npmjs.org/parse5/-/parse5-5.1.1.tgz",
      "integrity": "sha512-ugq4DFI0Ptb+WWjAdOK16+u/nHfiIrcE+sh8kZMaM0WllQKLI9rOUq6c2b7cwPkXdzfQESqvoqK6ug7U/Yyzug==",
      "optional": true,
      "peer": true
    },
    "rxjs": {
      "version": "6.6.7",
      "resolved": "https://registry.npmjs.org/rxjs/-/rxjs-6.6.7.tgz",
      "integrity": "sha512-hTdwr+7yYNIT5n4AMYp85KA6yw2Va0FLa3Rguvbpa4W3I5xynaBZo41cM3XM+4Q6fRMj3sBYIR1VAmZMXYJvRQ==",
      "peer": true,
      "requires": {
        "tslib": "^1.9.0"
      },
      "dependencies": {
        "tslib": {
          "version": "1.14.1",
          "resolved": "https://registry.npmjs.org/tslib/-/tslib-1.14.1.tgz",
          "integrity": "sha512-Xni35NKzjgMrwevysHTCArtLDpPvye8zV/0E4EyYn43P7/7qvQwPh9BGkHewbMulVntbigmcT7rdX3BNo9wRJg==",
          "peer": true
        }
      }
    },
    "tslib": {
      "version": "2.3.1",
      "resolved": "https://registry.npmjs.org/tslib/-/tslib-2.3.1.tgz",
      "integrity": "sha512-77EbyPPpMz+FRFRuAFlWMtmgUWGe9UOG2Z25NqCwiIjRhOf5iKGuzSe5P2w1laq+FkRy4p+PCuVkJSGkzTEKVw=="
    },
    "zone.js": {
      "version": "0.11.4",
      "resolved": "https://registry.npmjs.org/zone.js/-/zone.js-0.11.4.tgz",
      "integrity": "sha512-DDh2Ab+A/B+9mJyajPjHFPWfYU1H+pdun4wnnk0OcQTNjem1XQSZ2CDW+rfZEUDjv5M19SBqAkjZi0x5wuB5Qw==",
      "peer": true,
      "requires": {
        "tslib": "^2.0.0"
      }
    }
  }
}
